
Microsoft Visual Studio Solution File, Format Version 12.00
# Visual Studio Version 17
VisualStudioVersion = 17.8.34330.188
MinimumVisualStudioVersion = 10.0.40219.1
Project("{2150E333-8FDC-42A3-9474-1A3956D46DE8}") = "src", "src", "{73667C31-0DF0-4AB5-BC0D-57705002F1D8}"
EndProject
Project("{2150E333-8FDC-42A3-9474-1A3956D46DE8}") = "Data", "Data", "{1C92BCAD-A6AC-4E1D-81C8-86D0C3E92150}"
	ProjectSection(SolutionItems) = preProject
		drawSQL-pgsql-export-2024-01-02.sql = drawSQL-pgsql-export-2024-01-02.sql
	EndProjectSection
EndProject
Project("{2150E333-8FDC-42A3-9474-1A3956D46DE8}") = "UserService", "UserService", "{FC7345DD-09B0-46C6-A158-2A2FF73EA5AB}"
EndProject
Project("{2150E333-8FDC-42A3-9474-1A3956D46DE8}") = "ProductService", "ProductService", "{3FEDCA3E-A128-461D-9AF6-82FBE09F90C4}"
EndProject
Project("{2150E333-8FDC-42A3-9474-1A3956D46DE8}") = "OrderService", "OrderService", "{4595EDE2-7818-4254-BDBD-72ED8D544BB2}"
EndProject
Project("{9A19103F-16F7-4668-BE54-9A1E7A4F7556}") = "Order.Api", "src\OrderService\Order.Api\Order.Api.csproj", "{554BE743-EEDB-45DB-9A74-45130532C959}"
EndProject
Project("{9A19103F-16F7-4668-BE54-9A1E7A4F7556}") = "Order.Domain", "src\OrderService\Order.Domain\Order.Domain.csproj", "{55478F67-B884-4449-8CE6-4450F73185A2}"
EndProject
Project("{9A19103F-16F7-4668-BE54-9A1E7A4F7556}") = "Order.Infrastructure", "src\OrderService\Order.Infrastructure\Order.Infrastructure.csproj", "{85DC0634-5523-453C-9962-1ACB8B5CA670}"
EndProject
Project("{9A19103F-16F7-4668-BE54-9A1E7A4F7556}") = "Order.Application", "src\OrderService\Order.Application\Order.Application.csproj", "{9FB7F25D-1CB2-498B-9F25-998249F397E5}"
EndProject
Project("{9A19103F-16F7-4668-BE54-9A1E7A4F7556}") = "Product.Api", "src\ProductService\Product.Api\Product.Api.csproj", "{A94104DA-E7C9-4B71-ABAE-CF8BA8884EEB}"
EndProject
Project("{9A19103F-16F7-4668-BE54-9A1E7A4F7556}") = "Product.Domain", "src\ProductService\Product.Domain\Product.Domain.csproj", "{3FEB5C79-2C2B-4389-BD16-2EE960241C00}"
EndProject
Project("{9A19103F-16F7-4668-BE54-9A1E7A4F7556}") = "Product.Infrastructure", "src\ProductService\Product.Infrastructure\Product.Infrastructure.csproj", "{5A527BC9-CE87-4C4E-830C-E32F2A30DB80}"
EndProject
Project("{9A19103F-16F7-4668-BE54-9A1E7A4F7556}") = "Product.Application", "src\ProductService\Product.Application\Product.Application.csproj", "{6F670677-7485-4B48-AA09-483CCF71E495}"
EndProject
Project("{9A19103F-16F7-4668-BE54-9A1E7A4F7556}") = "UserService.Api", "src\UserService\User.Api\UserService.Api.csproj", "{F4C90A7D-A5E7-49CC-8D9C-247CA800C8A9}"
EndProject
Project("{9A19103F-16F7-4668-BE54-9A1E7A4F7556}") = "UserService.Domain", "src\UserService\User.Domain\UserService.Domain.csproj", "{44B53F6E-702E-42EF-A62C-4A6FC8A02712}"
EndProject
Project("{9A19103F-16F7-4668-BE54-9A1E7A4F7556}") = "UserService.Infrastructure", "src\UserService\User.Infrastructure\UserService.Infrastructure.csproj", "{8B23E0BC-8BB1-46F6-8F32-74B7F047711A}"
EndProject
Project("{9A19103F-16F7-4668-BE54-9A1E7A4F7556}") = "UserService.Application", "src\UserService\User.Application\UserService.Application.csproj", "{00FE12BE-0993-411E-B4F3-12DAE1074AAF}"
EndProject
Project("{2150E333-8FDC-42A3-9474-1A3956D46DE8}") = "Auth", "Auth", "{45A9B71A-A819-4F73-8853-6364F75A6B01}"
EndProject
Project("{9A19103F-16F7-4668-BE54-9A1E7A4F7556}") = "Auth.Api", "src\Auth\Auth.Api\Auth.Api.csproj", "{98831E08-ADE0-49CF-B6B3-D97B68DECF0F}"
EndProject
Global
	GlobalSection(SolutionConfigurationPlatforms) = preSolution
		Debug|Any CPU = Debug|Any CPU
		Release|Any CPU = Release|Any CPU
	EndGlobalSection
	GlobalSection(ProjectConfigurationPlatforms) = postSolution
		{554BE743-EEDB-45DB-9A74-45130532C959}.Debug|Any CPU.ActiveCfg = Debug|Any CPU
		{554BE743-EEDB-45DB-9A74-45130532C959}.Debug|Any CPU.Build.0 = Debug|Any CPU
		{554BE743-EEDB-45DB-9A74-45130532C959}.Release|Any CPU.ActiveCfg = Release|Any CPU
		{554BE743-EEDB-45DB-9A74-45130532C959}.Release|Any CPU.Build.0 = Release|Any CPU
		{55478F67-B884-4449-8CE6-4450F73185A2}.Debug|Any CPU.ActiveCfg = Debug|Any CPU
		{55478F67-B884-4449-8CE6-4450F73185A2}.Debug|Any CPU.Build.0 = Debug|Any CPU
		{55478F67-B884-4449-8CE6-4450F73185A2}.Release|Any CPU.ActiveCfg = Release|Any CPU
		{55478F67-B884-4449-8CE6-4450F73185A2}.Release|Any CPU.Build.0 = Release|Any CPU
		{85DC0634-5523-453C-9962-1ACB8B5CA670}.Debug|Any CPU.ActiveCfg = Debug|Any CPU
		{85DC0634-5523-453C-9962-1ACB8B5CA670}.Debug|Any CPU.Build.0 = Debug|Any CPU
		{85DC0634-5523-453C-9962-1ACB8B5CA670}.Release|Any CPU.ActiveCfg = Release|Any CPU
		{85DC0634-5523-453C-9962-1ACB8B5CA670}.Release|Any CPU.Build.0 = Release|Any CPU
		{9FB7F25D-1CB2-498B-9F25-998249F397E5}.Debug|Any CPU.ActiveCfg = Debug|Any CPU
		{9FB7F25D-1CB2-498B-9F25-998249F397E5}.Debug|Any CPU.Build.0 = Debug|Any CPU
		{9FB7F25D-1CB2-498B-9F25-998249F397E5}.Release|Any CPU.ActiveCfg = Release|Any CPU
		{9FB7F25D-1CB2-498B-9F25-998249F397E5}.Release|Any CPU.Build.0 = Release|Any CPU
		{A94104DA-E7C9-4B71-ABAE-CF8BA8884EEB}.Debug|Any CPU.ActiveCfg = Debug|Any CPU
		{A94104DA-E7C9-4B71-ABAE-CF8BA8884EEB}.Debug|Any CPU.Build.0 = Debug|Any CPU
		{A94104DA-E7C9-4B71-ABAE-CF8BA8884EEB}.Release|Any CPU.ActiveCfg = Release|Any CPU
		{A94104DA-E7C9-4B71-ABAE-CF8BA8884EEB}.Release|Any CPU.Build.0 = Release|Any CPU
		{3FEB5C79-2C2B-4389-BD16-2EE960241C00}.Debug|Any CPU.ActiveCfg = Debug|Any CPU
		{3FEB5C79-2C2B-4389-BD16-2EE960241C00}.Debug|Any CPU.Build.0 = Debug|Any CPU
		{3FEB5C79-2C2B-4389-BD16-2EE960241C00}.Release|Any CPU.ActiveCfg = Release|Any CPU
		{3FEB5C79-2C2B-4389-BD16-2EE960241C00}.Release|Any CPU.Build.0 = Release|Any CPU
		{5A527BC9-CE87-4C4E-830C-E32F2A30DB80}.Debug|Any CPU.ActiveCfg = Debug|Any CPU
		{5A527BC9-CE87-4C4E-830C-E32F2A30DB80}.Debug|Any CPU.Build.0 = Debug|Any CPU
		{5A527BC9-CE87-4C4E-830C-E32F2A30DB80}.Release|Any CPU.ActiveCfg = Release|Any CPU
		{5A527BC9-CE87-4C4E-830C-E32F2A30DB80}.Release|Any CPU.Build.0 = Release|Any CPU
		{6F670677-7485-4B48-AA09-483CCF71E495}.Debug|Any CPU.ActiveCfg = Debug|Any CPU
		{6F670677-7485-4B48-AA09-483CCF71E495}.Debug|Any CPU.Build.0 = Debug|Any CPU
		{6F670677-7485-4B48-AA09-483CCF71E495}.Release|Any CPU.ActiveCfg = Release|Any CPU
		{6F670677-7485-4B48-AA09-483CCF71E495}.Release|Any CPU.Build.0 = Release|Any CPU
		{F4C90A7D-A5E7-49CC-8D9C-247CA800C8A9}.Debug|Any CPU.ActiveCfg = Debug|Any CPU
		{F4C90A7D-A5E7-49CC-8D9C-247CA800C8A9}.Debug|Any CPU.Build.0 = Debug|Any CPU
		{F4C90A7D-A5E7-49CC-8D9C-247CA800C8A9}.Release|Any CPU.ActiveCfg = Release|Any CPU
		{F4C90A7D-A5E7-49CC-8D9C-247CA800C8A9}.Release|Any CPU.Build.0 = Release|Any CPU
		{44B53F6E-702E-42EF-A62C-4A6FC8A02712}.Debug|Any CPU.ActiveCfg = Debug|Any CPU
		{44B53F6E-702E-42EF-A62C-4A6FC8A02712}.Debug|Any CPU.Build.0 = Debug|Any CPU
		{44B53F6E-702E-42EF-A62C-4A6FC8A02712}.Release|Any CPU.ActiveCfg = Release|Any CPU
		{44B53F6E-702E-42EF-A62C-4A6FC8A02712}.Release|Any CPU.Build.0 = Release|Any CPU
		{8B23E0BC-8BB1-46F6-8F32-74B7F047711A}.Debug|Any CPU.ActiveCfg = Debug|Any CPU
		{8B23E0BC-8BB1-46F6-8F32-74B7F047711A}.Debug|Any CPU.Build.0 = Debug|Any CPU
		{8B23E0BC-8BB1-46F6-8F32-74B7F047711A}.Release|Any CPU.ActiveCfg = Release|Any CPU
		{8B23E0BC-8BB1-46F6-8F32-74B7F047711A}.Release|Any CPU.Build.0 = Release|Any CPU
		{00FE12BE-0993-411E-B4F3-12DAE1074AAF}.Debug|Any CPU.ActiveCfg = Debug|Any CPU
		{00FE12BE-0993-411E-B4F3-12DAE1074AAF}.Debug|Any CPU.Build.0 = Debug|Any CPU
		{00FE12BE-0993-411E-B4F3-12DAE1074AAF}.Release|Any CPU.ActiveCfg = Release|Any CPU
		{00FE12BE-0993-411E-B4F3-12DAE1074AAF}.Release|Any CPU.Build.0 = Release|Any CPU
		{98831E08-ADE0-49CF-B6B3-D97B68DECF0F}.Debug|Any CPU.ActiveCfg = Debug|Any CPU
		{98831E08-ADE0-49CF-B6B3-D97B68DECF0F}.Debug|Any CPU.Build.0 = Debug|Any CPU
		{98831E08-ADE0-49CF-B6B3-D97B68DECF0F}.Release|Any CPU.ActiveCfg = Release|Any CPU
		{98831E08-ADE0-49CF-B6B3-D97B68DECF0F}.Release|Any CPU.Build.0 = Release|Any CPU
	EndGlobalSection
	GlobalSection(SolutionProperties) = preSolution
		HideSolutionNode = FALSE
	EndGlobalSection
	GlobalSection(NestedProjects) = preSolution
		{1C92BCAD-A6AC-4E1D-81C8-86D0C3E92150} = {73667C31-0DF0-4AB5-BC0D-57705002F1D8}
		{FC7345DD-09B0-46C6-A158-2A2FF73EA5AB} = {73667C31-0DF0-4AB5-BC0D-57705002F1D8}
		{3FEDCA3E-A128-461D-9AF6-82FBE09F90C4} = {73667C31-0DF0-4AB5-BC0D-57705002F1D8}
		{4595EDE2-7818-4254-BDBD-72ED8D544BB2} = {73667C31-0DF0-4AB5-BC0D-57705002F1D8}
		{554BE743-EEDB-45DB-9A74-45130532C959} = {4595EDE2-7818-4254-BDBD-72ED8D544BB2}
		{55478F67-B884-4449-8CE6-4450F73185A2} = {4595EDE2-7818-4254-BDBD-72ED8D544BB2}
		{85DC0634-5523-453C-9962-1ACB8B5CA670} = {4595EDE2-7818-4254-BDBD-72ED8D544BB2}
		{9FB7F25D-1CB2-498B-9F25-998249F397E5} = {4595EDE2-7818-4254-BDBD-72ED8D544BB2}
		{A94104DA-E7C9-4B71-ABAE-CF8BA8884EEB} = {3FEDCA3E-A128-461D-9AF6-82FBE09F90C4}
		{3FEB5C79-2C2B-4389-BD16-2EE960241C00} = {3FEDCA3E-A128-461D-9AF6-82FBE09F90C4}
		{5A527BC9-CE87-4C4E-830C-E32F2A30DB80} = {3FEDCA3E-A128-461D-9AF6-82FBE09F90C4}
		{6F670677-7485-4B48-AA09-483CCF71E495} = {3FEDCA3E-A128-461D-9AF6-82FBE09F90C4}
		{F4C90A7D-A5E7-49CC-8D9C-247CA800C8A9} = {FC7345DD-09B0-46C6-A158-2A2FF73EA5AB}
		{44B53F6E-702E-42EF-A62C-4A6FC8A02712} = {FC7345DD-09B0-46C6-A158-2A2FF73EA5AB}
		{8B23E0BC-8BB1-46F6-8F32-74B7F047711A} = {FC7345DD-09B0-46C6-A158-2A2FF73EA5AB}
		{00FE12BE-0993-411E-B4F3-12DAE1074AAF} = {FC7345DD-09B0-46C6-A158-2A2FF73EA5AB}
		{45A9B71A-A819-4F73-8853-6364F75A6B01} = {73667C31-0DF0-4AB5-BC0D-57705002F1D8}
		{98831E08-ADE0-49CF-B6B3-D97B68DECF0F} = {45A9B71A-A819-4F73-8853-6364F75A6B01}
	EndGlobalSection
	GlobalSection(ExtensibilityGlobals) = postSolution
		SolutionGuid = {5994FE7D-676B-49B6-A647-7B39CEC0E219}
	EndGlobalSection
EndGlobal
